
Microsoft Visual Studio Solution File, Format Version 12.00
# Visual Studio Version 17
VisualStudioVersion = 17.3.32901.215
MinimumVisualStudioVersion = 10.0.40219.1
Project("{FAE04EC0-301F-11D3-BF4B-00C04F79EFBC}") = "inheritance-and-polymorphism-user-and-admin-github", "inheritance-and-polymorphism-user-and-admin-github.csproj", "{90DDA747-C214-4D52-A801-47DD7B617A96}"
EndProject
Global
	GlobalSection(SolutionConfigurationPlatforms) = preSolution
		Debug|Any CPU = Debug|Any CPU
		Release|Any CPU = Release|Any CPU
	EndGlobalSection
	GlobalSection(ProjectConfigurationPlatforms) = postSolution
		{90DDA747-C214-4D52-A801-47DD7B617A96}.Debug|Any CPU.ActiveCfg = Debug|Any CPU
		{90DDA747-C214-4D52-A801-47DD7B617A96}.Debug|Any CPU.Build.0 = Debug|Any CPU
		{90DDA747-C214-4D52-A801-47DD7B617A96}.Release|Any CPU.ActiveCfg = Release|Any CPU
		{90DDA747-C214-4D52-A801-47DD7B617A96}.Release|Any CPU.Build.0 = Release|Any CPU
	EndGlobalSection
	GlobalSection(SolutionProperties) = preSolution
		HideSolutionNode = FALSE
	EndGlobalSection
	GlobalSection(ExtensibilityGlobals) = postSolution
		SolutionGuid = {891C9696-B047-488E-8C95-4DD4D75A111F}
	EndGlobalSection
EndGlobal
